
Microsoft Visual Studio Solution File, Format Version 12.00
# Visual Studio Version 17
VisualStudioVersion = 17.9.34622.214
MinimumVisualStudioVersion = 10.0.40219.1
Project("{FAE04EC0-301F-11D3-BF4B-00C04F79EFBC}") = "QuizNewbye", "QuizNewbye\QuizNewbye.csproj", "{5E0074DD-863E-44D7-AE04-1BC37C958F8B}"
EndProject
Global
	GlobalSection(SolutionConfigurationPlatforms) = preSolution
		Debug|Any CPU = Debug|Any CPU
		Release|Any CPU = Release|Any CPU
	EndGlobalSection
	GlobalSection(ProjectConfigurationPlatforms) = postSolution
		{5E0074DD-863E-44D7-AE04-1BC37C958F8B}.Debug|Any CPU.ActiveCfg = Debug|Any CPU
		{5E0074DD-863E-44D7-AE04-1BC37C958F8B}.Debug|Any CPU.Build.0 = Debug|Any CPU
		{5E0074DD-863E-44D7-AE04-1BC37C958F8B}.Debug|Any CPU.Deploy.0 = Debug|Any CPU
		{5E0074DD-863E-44D7-AE04-1BC37C958F8B}.Release|Any CPU.ActiveCfg = Release|Any CPU
		{5E0074DD-863E-44D7-AE04-1BC37C958F8B}.Release|Any CPU.Build.0 = Release|Any CPU
		{5E0074DD-863E-44D7-AE04-1BC37C958F8B}.Release|Any CPU.Deploy.0 = Release|Any CPU
	EndGlobalSection
	GlobalSection(SolutionProperties) = preSolution
		HideSolutionNode = FALSE
	EndGlobalSection
	GlobalSection(ExtensibilityGlobals) = postSolution
		SolutionGuid = {7C63D689-0591-4697-96BC-B3D5E797E508}
	EndGlobalSection
EndGlobal
